
Microsoft Visual Studio Solution File, Format Version 12.00
Project("{FAE04EC0-301F-11D3-BF4B-00C04F79EFBC}") = "Observer", "Observer\Observer.csproj", "{AE0E60D1-3DE8-42F6-B44B-8003E73DDF88}"
EndProject
Global
	GlobalSection(SolutionConfigurationPlatforms) = preSolution
		Debug|Any CPU = Debug|Any CPU
		Release|Any CPU = Release|Any CPU
	EndGlobalSection
	GlobalSection(ProjectConfigurationPlatforms) = postSolution
		{AE0E60D1-3DE8-42F6-B44B-8003E73DDF88}.Debug|Any CPU.ActiveCfg = Debug|Any CPU
		{AE0E60D1-3DE8-42F6-B44B-8003E73DDF88}.Debug|Any CPU.Build.0 = Debug|Any CPU
		{AE0E60D1-3DE8-42F6-B44B-8003E73DDF88}.Release|Any CPU.ActiveCfg = Release|Any CPU
		{AE0E60D1-3DE8-42F6-B44B-8003E73DDF88}.Release|Any CPU.Build.0 = Release|Any CPU
	EndGlobalSection
EndGlobal
