
Microsoft Visual Studio Solution File, Format Version 12.00
Project("{FAE04EC0-301F-11D3-BF4B-00C04F79EFBC}") = "Facade", "Facade\Facade.csproj", "{D5F56D8C-EC94-4D24-B45F-C64BCFE5DF04}"
EndProject
Global
	GlobalSection(SolutionConfigurationPlatforms) = preSolution
		Debug|Any CPU = Debug|Any CPU
		Release|Any CPU = Release|Any CPU
	EndGlobalSection
	GlobalSection(ProjectConfigurationPlatforms) = postSolution
		{D5F56D8C-EC94-4D24-B45F-C64BCFE5DF04}.Debug|Any CPU.ActiveCfg = Debug|Any CPU
		{D5F56D8C-EC94-4D24-B45F-C64BCFE5DF04}.Debug|Any CPU.Build.0 = Debug|Any CPU
		{D5F56D8C-EC94-4D24-B45F-C64BCFE5DF04}.Release|Any CPU.ActiveCfg = Release|Any CPU
		{D5F56D8C-EC94-4D24-B45F-C64BCFE5DF04}.Release|Any CPU.Build.0 = Release|Any CPU
	EndGlobalSection
EndGlobal
