
Microsoft Visual Studio Solution File, Format Version 12.00
Project("{FAE04EC0-301F-11D3-BF4B-00C04F79EFBC}") = "Proxy", "Proxy\Proxy.csproj", "{CE1B8F4D-2505-4ACF-834A-FE7AB571CE59}"
EndProject
Global
	GlobalSection(SolutionConfigurationPlatforms) = preSolution
		Debug|Any CPU = Debug|Any CPU
		Release|Any CPU = Release|Any CPU
	EndGlobalSection
	GlobalSection(ProjectConfigurationPlatforms) = postSolution
		{CE1B8F4D-2505-4ACF-834A-FE7AB571CE59}.Debug|Any CPU.ActiveCfg = Debug|Any CPU
		{CE1B8F4D-2505-4ACF-834A-FE7AB571CE59}.Debug|Any CPU.Build.0 = Debug|Any CPU
		{CE1B8F4D-2505-4ACF-834A-FE7AB571CE59}.Release|Any CPU.ActiveCfg = Release|Any CPU
		{CE1B8F4D-2505-4ACF-834A-FE7AB571CE59}.Release|Any CPU.Build.0 = Release|Any CPU
	EndGlobalSection
EndGlobal
