
Microsoft Visual Studio Solution File, Format Version 12.00
Project("{FAE04EC0-301F-11D3-BF4B-00C04F79EFBC}") = "Mediator", "Mediator\Mediator.csproj", "{31090F2F-4756-4D34-AE2F-E88DDA3E9E94}"
EndProject
Global
	GlobalSection(SolutionConfigurationPlatforms) = preSolution
		Debug|Any CPU = Debug|Any CPU
		Release|Any CPU = Release|Any CPU
	EndGlobalSection
	GlobalSection(ProjectConfigurationPlatforms) = postSolution
		{31090F2F-4756-4D34-AE2F-E88DDA3E9E94}.Debug|Any CPU.ActiveCfg = Debug|Any CPU
		{31090F2F-4756-4D34-AE2F-E88DDA3E9E94}.Debug|Any CPU.Build.0 = Debug|Any CPU
		{31090F2F-4756-4D34-AE2F-E88DDA3E9E94}.Release|Any CPU.ActiveCfg = Release|Any CPU
		{31090F2F-4756-4D34-AE2F-E88DDA3E9E94}.Release|Any CPU.Build.0 = Release|Any CPU
	EndGlobalSection
EndGlobal
